
Microsoft Visual Studio Solution File, Format Version 12.00
# Visual Studio Version 16
VisualStudioVersion = 16.0.30717.126
MinimumVisualStudioVersion = 10.0.40219.1
Project("{FAE04EC0-301F-11D3-BF4B-00C04F79EFBC}") = "DeadLock1", "DeadLock1\DeadLock1.csproj", "{0D3566F9-FFD1-4B4C-BDCA-6B8490A09E82}"
EndProject
Global
	GlobalSection(SolutionConfigurationPlatforms) = preSolution
		Debug|Any CPU = Debug|Any CPU
		Release|Any CPU = Release|Any CPU
	EndGlobalSection
	GlobalSection(ProjectConfigurationPlatforms) = postSolution
		{0D3566F9-FFD1-4B4C-BDCA-6B8490A09E82}.Debug|Any CPU.ActiveCfg = Debug|Any CPU
		{0D3566F9-FFD1-4B4C-BDCA-6B8490A09E82}.Debug|Any CPU.Build.0 = Debug|Any CPU
		{0D3566F9-FFD1-4B4C-BDCA-6B8490A09E82}.Release|Any CPU.ActiveCfg = Release|Any CPU
		{0D3566F9-FFD1-4B4C-BDCA-6B8490A09E82}.Release|Any CPU.Build.0 = Release|Any CPU
	EndGlobalSection
	GlobalSection(SolutionProperties) = preSolution
		HideSolutionNode = FALSE
	EndGlobalSection
	GlobalSection(ExtensibilityGlobals) = postSolution
		SolutionGuid = {963964D4-0E5C-4A08-A71F-6D75D460291D}
	EndGlobalSection
EndGlobal
